
Microsoft Visual Studio Solution File, Format Version 12.00
# Visual Studio Version 17
VisualStudioVersion = 17.7.34221.43
MinimumVisualStudioVersion = 10.0.40219.1
Project("{9A19103F-16F7-4668-BE54-9A1E7A4F7556}") = "BlogHung", "BlogHung\BlogHung.csproj", "{24F52DC4-D0A8-44D2-A106-375B334DA5F3}"
EndProject
Project("{9A19103F-16F7-4668-BE54-9A1E7A4F7556}") = "BlogHung.Infrastructure", "BlogHung.Infrastructure\BlogHung.Infrastructure.csproj", "{1871928D-2FDE-47C3-800B-DB86CC223695}"
EndProject
Project("{FAE04EC0-301F-11D3-BF4B-00C04F79EFBC}") = "BlogHung.Application", "BlogHung.Application\BlogHung.Application.csproj", "{56B61096-6C11-4371-AC0E-909B0DCD420C}"
EndProject
Global
	GlobalSection(SolutionConfigurationPlatforms) = preSolution
		Debug|Any CPU = Debug|Any CPU
		Release|Any CPU = Release|Any CPU
	EndGlobalSection
	GlobalSection(ProjectConfigurationPlatforms) = postSolution
		{24F52DC4-D0A8-44D2-A106-375B334DA5F3}.Debug|Any CPU.ActiveCfg = Debug|Any CPU
		{24F52DC4-D0A8-44D2-A106-375B334DA5F3}.Debug|Any CPU.Build.0 = Debug|Any CPU
		{24F52DC4-D0A8-44D2-A106-375B334DA5F3}.Release|Any CPU.ActiveCfg = Release|Any CPU
		{24F52DC4-D0A8-44D2-A106-375B334DA5F3}.Release|Any CPU.Build.0 = Release|Any CPU
		{1871928D-2FDE-47C3-800B-DB86CC223695}.Debug|Any CPU.ActiveCfg = Debug|Any CPU
		{1871928D-2FDE-47C3-800B-DB86CC223695}.Debug|Any CPU.Build.0 = Debug|Any CPU
		{1871928D-2FDE-47C3-800B-DB86CC223695}.Release|Any CPU.ActiveCfg = Release|Any CPU
		{1871928D-2FDE-47C3-800B-DB86CC223695}.Release|Any CPU.Build.0 = Release|Any CPU
		{56B61096-6C11-4371-AC0E-909B0DCD420C}.Debug|Any CPU.ActiveCfg = Debug|Any CPU
		{56B61096-6C11-4371-AC0E-909B0DCD420C}.Debug|Any CPU.Build.0 = Debug|Any CPU
		{56B61096-6C11-4371-AC0E-909B0DCD420C}.Release|Any CPU.ActiveCfg = Release|Any CPU
		{56B61096-6C11-4371-AC0E-909B0DCD420C}.Release|Any CPU.Build.0 = Release|Any CPU
	EndGlobalSection
	GlobalSection(SolutionProperties) = preSolution
		HideSolutionNode = FALSE
	EndGlobalSection
	GlobalSection(ExtensibilityGlobals) = postSolution
		SolutionGuid = {114F47B2-3C0F-47F1-A3D6-74926F26E795}
	EndGlobalSection
EndGlobal
